
Microsoft Visual Studio Solution File, Format Version 12.00
Project("{FAE04EC0-301F-11D3-BF4B-00C04F79EFBC}") = "MessageService", "MessageService\MessageService.csproj", "{5685F7FC-B49D-44CF-B26C-A872700E50B5}"
EndProject
Project("{FAE04EC0-301F-11D3-BF4B-00C04F79EFBC}") = "GrpcClient", "GrpcClient\GrpcClient.csproj", "{270C54CE-1472-4345-BC0E-34DED0C2AE99}"
EndProject
Project("{2150E333-8FDC-42A3-9474-1A3956D46DE8}") = "Solution Items", "Solution Items", "{56C11D38-BEB7-465E-BEDE-B9E6FF847BD5}"
	ProjectSection(SolutionItems) = preProject
		docker-compose.yaml = docker-compose.yaml
	EndProjectSection
EndProject
Global
	GlobalSection(SolutionConfigurationPlatforms) = preSolution
		Debug|Any CPU = Debug|Any CPU
		Release|Any CPU = Release|Any CPU
	EndGlobalSection
	GlobalSection(ProjectConfigurationPlatforms) = postSolution
		{5685F7FC-B49D-44CF-B26C-A872700E50B5}.Debug|Any CPU.ActiveCfg = Debug|Any CPU
		{5685F7FC-B49D-44CF-B26C-A872700E50B5}.Debug|Any CPU.Build.0 = Debug|Any CPU
		{5685F7FC-B49D-44CF-B26C-A872700E50B5}.Release|Any CPU.ActiveCfg = Release|Any CPU
		{5685F7FC-B49D-44CF-B26C-A872700E50B5}.Release|Any CPU.Build.0 = Release|Any CPU
		{270C54CE-1472-4345-BC0E-34DED0C2AE99}.Debug|Any CPU.ActiveCfg = Debug|Any CPU
		{270C54CE-1472-4345-BC0E-34DED0C2AE99}.Debug|Any CPU.Build.0 = Debug|Any CPU
		{270C54CE-1472-4345-BC0E-34DED0C2AE99}.Release|Any CPU.ActiveCfg = Release|Any CPU
		{270C54CE-1472-4345-BC0E-34DED0C2AE99}.Release|Any CPU.Build.0 = Release|Any CPU
	EndGlobalSection
EndGlobal
